// !$*UTF8*$!
{
	archiveVersion = 1;
	classes = {
	};
	objectVersion = 50;
	objects = {

/* Begin PBXBuildFile section */
		79ACABCB24E9EFB8005754AA /* SwiftLayoutsApp.swift in Sources */ = {isa = PBXBuildFile; fileRef = 79ACABB824E9EFB6005754AA /* SwiftLayoutsApp.swift */; };
		79ACABCC24E9EFB8005754AA /* SwiftLayoutsApp.swift in Sources */ = {isa = PBXBuildFile; fileRef = 79ACABB824E9EFB6005754AA /* SwiftLayoutsApp.swift */; };
		79ACABCD24E9EFB8005754AA /* ContentView.swift in Sources */ = {isa = PBXBuildFile; fileRef = 79ACABB924E9EFB6005754AA /* ContentView.swift */; };
		79ACABCE24E9EFB8005754AA /* ContentView.swift in Sources */ = {isa = PBXBuildFile; fileRef = 79ACABB924E9EFB6005754AA /* ContentView.swift */; };
		79ACABCF24E9EFB8005754AA /* Assets.xcassets in Resources */ = {isa = PBXBuildFile; fileRef = 79ACABBA24E9EFB8005754AA /* Assets.xcassets */; };
		79ACABD024E9EFB8005754AA /* Assets.xcassets in Resources */ = {isa = PBXBuildFile; fileRef = 79ACABBA24E9EFB8005754AA /* Assets.xcassets */; };
/* End PBXBuildFile section */

/* Begin PBXFileReference section */
		79ACABB824E9EFB6005754AA /* SwiftLayoutsApp.swift */ = {isa = PBXFileReference; lastKnownFileType = sourcecode.swift; path = SwiftLayoutsApp.swift; sourceTree = "<group>"; };
		79ACABB924E9EFB6005754AA /* ContentView.swift */ = {isa = PBXFileReference; lastKnownFileType = sourcecode.swift; path = ContentView.swift; sourceTree = "<group>"; };
		79ACABBA24E9EFB8005754AA /* Assets.xcassets */ = {isa = PBXFileReference; lastKnownFileType = folder.assetcatalog; path = Assets.xcassets; sourceTree = "<group>"; };
		79ACABBF24E9EFB8005754AA /* SwiftLayouts.app */ = {isa = PBXFileReference; explicitFileType = wrapper.application; includeInIndex = 0; path = SwiftLayouts.app; sourceTree = BUILT_PRODUCTS_DIR; };
		79ACABC224E9EFB8005754AA /* Info.plist */ = {isa = PBXFileReference; lastKnownFileType = text.plist.xml; path = Info.plist; sourceTree = "<group>"; };
		79ACABC724E9EFB8005754AA /* SwiftLayouts.app */ = {isa = PBXFileReference; explicitFileType = wrapper.application; includeInIndex = 0; path = SwiftLayouts.app; sourceTree = BUILT_PRODUCTS_DIR; };
		79ACABC924E9EFB8005754AA /* Info.plist */ = {isa = PBXFileReference; lastKnownFileType = text.plist.xml; path = Info.plist; sourceTree = "<group>"; };
		79ACABCA24E9EFB8005754AA /* macOS.entitlements */ = {isa = PBXFileReference; lastKnownFileType = text.plist.entitlements; path = macOS.entitlements; sourceTree = "<group>"; };
/* End PBXFileReference section */

/* Begin PBXFrameworksBuildPhase section */
		79ACABBC24E9EFB8005754AA /* Frameworks */ = {
			isa = PBXFrameworksBuildPhase;
			buildActionMask = 2147483647;
			files = (
			);
			runOnlyForDeploymentPostprocessing = 0;
		};
		79ACABC424E9EFB8005754AA /* Frameworks */ = {
			isa = PBXFrameworksBuildPhase;
			buildActionMask = 2147483647;
			files = (
			);
			runOnlyForDeploymentPostprocessing = 0;
		};
/* End PBXFrameworksBuildPhase section */

/* Begin PBXGroup section */
		79ACABB224E9EFB6005754AA = {
			isa = PBXGroup;
			children = (
				79ACABB724E9EFB6005754AA /* Shared */,
				79ACABC124E9EFB8005754AA /* iOS */,
				79ACABC824E9EFB8005754AA /* macOS */,
				79ACABC024E9EFB8005754AA /* Products */,
			);
			sourceTree = "<group>";
		};
		79ACABB724E9EFB6005754AA /* Shared */ = {
			isa = PBXGroup;
			children = (
				79ACABB824E9EFB6005754AA /* SwiftLayoutsApp.swift */,
				79ACABB924E9EFB6005754AA /* ContentView.swift */,
				79ACABBA24E9EFB8005754AA /* Assets.xcassets */,
			);
			path = Shared;
			sourceTree = "<group>";
		};
		79ACABC024E9EFB8005754AA /* Products */ = {
			isa = PBXGroup;
			children = (
				79ACABBF24E9EFB8005754AA /* SwiftLayouts.app */,
				79ACABC724E9EFB8005754AA /* SwiftLayouts.app */,
			);
			name = Products;
			sourceTree = "<group>";
		};
		79ACABC124E9EFB8005754AA /* iOS */ = {
			isa = PBXGroup;
			children = (
				79ACABC224E9EFB8005754AA /* Info.plist */,
			);
			path = iOS;
			sourceTree = "<group>";
		};
		79ACABC824E9EFB8005754AA /* macOS */ = {
			isa = PBXGroup;
			children = (
				79ACABC924E9EFB8005754AA /* Info.plist */,
				79ACABCA24E9EFB8005754AA /* macOS.entitlements */,
			);
			path = macOS;
			sourceTree = "<group>";
		};
/* End PBXGroup section */

/* Begin PBXNativeTarget section */
		79ACABBE24E9EFB8005754AA /* SwiftLayouts (iOS) */ = {
			isa = PBXNativeTarget;
			buildConfigurationList = 79ACABD324E9EFB8005754AA /* Build configuration list for PBXNativeTarget "SwiftLayouts (iOS)" */;
			buildPhases = (
				79ACABBB24E9EFB8005754AA /* Sources */,
				79ACABBC24E9EFB8005754AA /* Frameworks */,
				79ACABBD24E9EFB8005754AA /* Resources */,
			);
			buildRules = (
			);
			dependencies = (
			);
			name = "SwiftLayouts (iOS)";
			productName = "SwiftLayouts (iOS)";
			productReference = 79ACABBF24E9EFB8005754AA /* SwiftLayouts.app */;
			productType = "com.apple.product-type.application";
		};
		79ACABC624E9EFB8005754AA /* SwiftLayouts (macOS) */ = {
			isa = PBXNativeTarget;
			buildConfigurationList = 79ACABD624E9EFB8005754AA /* Build configuration list for PBXNativeTarget "SwiftLayouts (macOS)" */;
			buildPhases = (
				79ACABC324E9EFB8005754AA /* Sources */,
				79ACABC424E9EFB8005754AA /* Frameworks */,
				79ACABC524E9EFB8005754AA /* Resources */,
			);
			buildRules = (
			);
			dependencies = (
			);
			name = "SwiftLayouts (macOS)";
			productName = "SwiftLayouts (macOS)";
			productReference = 79ACABC724E9EFB8005754AA /* SwiftLayouts.app */;
			productType = "com.apple.product-type.application";
		};
/* End PBXNativeTarget section */

/* Begin PBXProject section */
		79ACABB324E9EFB6005754AA /* Project object */ = {
			isa = PBXProject;
			attributes = {
				LastSwiftUpdateCheck = 1200;
				LastUpgradeCheck = 1200;
				TargetAttributes = {
					79ACABBE24E9EFB8005754AA = {
						CreatedOnToolsVersion = 12.0;
					};
					79ACABC624E9EFB8005754AA = {
						CreatedOnToolsVersion = 12.0;
					};
				};
			};
			buildConfigurationList = 79ACABB624E9EFB6005754AA /* Build configuration list for PBXProject "SwiftLayouts" */;
			compatibilityVersion = "Xcode 9.3";
			developmentRegion = en;
			hasScannedForEncodings = 0;
			knownRegions = (
				en,
				Base,
			);
			mainGroup = 79ACABB224E9EFB6005754AA;
			productRefGroup = 79ACABC024E9EFB8005754AA /* Products */;
			projectDirPath = "";
			projectRoot = "";
			targets = (
				79ACABBE24E9EFB8005754AA /* SwiftLayouts (iOS) */,
				79ACABC624E9EFB8005754AA /* SwiftLayouts (macOS) */,
			);
		};
/* End PBXProject section */

/* Begin PBXResourcesBuildPhase section */
		79ACABBD24E9EFB8005754AA /* Resources */ = {
			isa = PBXResourcesBuildPhase;
			buildActionMask = 2147483647;
			files = (
				79ACABCF24E9EFB8005754AA /* Assets.xcassets in Resources */,
			);
			runOnlyForDeploymentPostprocessing = 0;
		};
		79ACABC524E9EFB8005754AA /* Resources */ = {
			isa = PBXResourcesBuildPhase;
			buildActionMask = 2147483647;
			files = (
				79ACABD024E9EFB8005754AA /* Assets.xcassets in Resources */,
			);
			runOnlyForDeploymentPostprocessing = 0;
		};
/* End PBXResourcesBuildPhase section */

/* Begin PBXSourcesBuildPhase section */
		79ACABBB24E9EFB8005754AA /* Sources */ = {
			isa = PBXSourcesBuildPhase;
			buildActionMask = 2147483647;
			files = (
				79ACABCD24E9EFB8005754AA /* ContentView.swift in Sources */,
				79ACABCB24E9EFB8005754AA /* SwiftLayoutsApp.swift in Sources */,
			);
			runOnlyForDeploymentPostprocessing = 0;
		};
		79ACABC324E9EFB8005754AA /* Sources */ = {
			isa = PBXSourcesBuildPhase;
			buildActionMask = 2147483647;
			files = (
				79ACABCE24E9EFB8005754AA /* ContentView.swift in Sources */,
				79ACABCC24E9EFB8005754AA /* SwiftLayoutsApp.swift in Sources */,
			);
			runOnlyForDeploymentPostprocessing = 0;
		};
/* End PBXSourcesBuildPhase section */

/* Begin XCBuildConfiguration section */
		79ACABD124E9EFB8005754AA /* Debug */ = {
			isa = XCBuildConfiguration;
			buildSettings = {
				ALWAYS_SEARCH_USER_PATHS = NO;
				CLANG_ANALYZER_NONNULL = YES;
				CLANG_ANALYZER_NUMBER_OBJECT_CONVERSION = YES_AGGRESSIVE;
				CLANG_CXX_LANGUAGE_STANDARD = "gnu++14";
				CLANG_CXX_LIBRARY = "libc++";
				CLANG_ENABLE_MODULES = YES;
				CLANG_ENABLE_OBJC_ARC = YES;
				CLANG_ENABLE_OBJC_WEAK = YES;
				CLANG_WARN_BLOCK_CAPTURE_AUTORELEASING = YES;
				CLANG_WARN_BOOL_CONVERSION = YES;
				CLANG_WARN_COMMA = YES;
				CLANG_WARN_CONSTANT_CONVERSION = YES;
				CLANG_WARN_DEPRECATED_OBJC_IMPLEMENTATIONS = YES;
				CLANG_WARN_DIRECT_OBJC_ISA_USAGE = YES_ERROR;
				CLANG_WARN_DOCUMENTATION_COMMENTS = YES;
				CLANG_WARN_EMPTY_BODY = YES;
				CLANG_WARN_ENUM_CONVERSION = YES;
				CLANG_WARN_INFINITE_RECURSION = YES;
				CLANG_WARN_INT_CONVERSION = YES;
				CLANG_WARN_NON_LITERAL_NULL_CONVERSION = YES;
				CLANG_WARN_OBJC_IMPLICIT_RETAIN_SELF = YES;
				CLANG_WARN_OBJC_LITERAL_CONVERSION = YES;
				CLANG_WARN_OBJC_ROOT_CLASS = YES_ERROR;
				CLANG_WARN_QUOTED_INCLUDE_IN_FRAMEWORK_HEADER = YES;
				CLANG_WARN_RANGE_LOOP_ANALYSIS = YES;
				CLANG_WARN_STRICT_PROTOTYPES = YES;
				CLANG_WARN_SUSPICIOUS_MOVE = YES;
				CLANG_WARN_UNGUARDED_AVAILABILITY = YES_AGGRESSIVE;
				CLANG_WARN_UNREACHABLE_CODE = YES;
				CLANG_WARN__DUPLICATE_METHOD_MATCH = YES;
				COPY_PHASE_STRIP = NO;
				DEBUG_INFORMATION_FORMAT = dwarf;
				ENABLE_STRICT_OBJC_MSGSEND = YES;
				ENABLE_TESTABILITY = YES;
				GCC_C_LANGUAGE_STANDARD = gnu11;
				GCC_DYNAMIC_NO_PIC = NO;
				GCC_NO_COMMON_BLOCKS = YES;
				GCC_OPTIMIZATION_LEVEL = 0;
				GCC_PREPROCESSOR_DEFINITIONS = (
					"DEBUG=1",
					"$(inherited)",
				);
				GCC_WARN_64_TO_32_BIT_CONVERSION = YES;
				GCC_WARN_ABOUT_RETURN_TYPE = YES_ERROR;
				GCC_WARN_UNDECLARED_SELECTOR = YES;
				GCC_WARN_UNINITIALIZED_AUTOS = YES_AGGRESSIVE;
				GCC_WARN_UNUSED_FUNCTION = YES;
				GCC_WARN_UNUSED_VARIABLE = YES;
				MTL_ENABLE_DEBUG_INFO = INCLUDE_SOURCE;
				MTL_FAST_MATH = YES;
				ONLY_ACTIVE_ARCH = YES;
				SWIFT_ACTIVE_COMPILATION_CONDITIONS = DEBUG;
				SWIFT_OPTIMIZATION_LEVEL = "-Onone";
			};
			name = Debug;
		};
		79ACABD224E9EFB8005754AA /* Release */ = {
			isa = XCBuildConfiguration;
			buildSettings = {
				ALWAYS_SEARCH_USER_PATHS = NO;
				CLANG_ANALYZER_NONNULL = YES;
				CLANG_ANALYZER_NUMBER_OBJECT_CONVERSION = YES_AGGRESSIVE;
				CLANG_CXX_LANGUAGE_STANDARD = "gnu++14";
				CLANG_CXX_LIBRARY = "libc++";
				CLANG_ENABLE_MODULES = YES;
				CLANG_ENABLE_OBJC_ARC = YES;
				CLANG_ENABLE_OBJC_WEAK = YES;
				CLANG_WARN_BLOCK_CAPTURE_AUTORELEASING = YES;
				CLANG_WARN_BOOL_CONVERSION = YES;
				CLANG_WARN_COMMA = YES;
				CLANG_WARN_CONSTANT_CONVERSION = YES;
				CLANG_WARN_DEPRECATED_OBJC_IMPLEMENTATIONS = YES;
				CLANG_WARN_DIRECT_OBJC_ISA_USAGE = YES_ERROR;
				CLANG_WARN_DOCUMENTATION_COMMENTS = YES;
				CLANG_WARN_EMPTY_BODY = YES;
				CLANG_WARN_ENUM_CONVERSION = YES;
				CLANG_WARN_INFINITE_RECURSION = YES;
				CLANG_WARN_INT_CONVERSION = YES;
				CLANG_WARN_NON_LITERAL_NULL_CONVERSION = YES;
				CLANG_WARN_OBJC_IMPLICIT_RETAIN_SELF = YES;
				CLANG_WARN_OBJC_LITERAL_CONVERSION = YES;
				CLANG_WARN_OBJC_ROOT_CLASS = YES_ERROR;
				CLANG_WARN_QUOTED_INCLUDE_IN_FRAMEWORK_HEADER = YES;
				CLANG_WARN_RANGE_LOOP_ANALYSIS = YES;
				CLANG_WARN_STRICT_PROTOTYPES = YES;
				CLANG_WARN_SUSPICIOUS_MOVE = YES;
				CLANG_WARN_UNGUARDED_AVAILABILITY = YES_AGGRESSIVE;
				CLANG_WARN_UNREACHABLE_CODE = YES;
				CLANG_WARN__DUPLICATE_METHOD_MATCH = YES;
				COPY_PHASE_STRIP = NO;
				DEBUG_INFORMATION_FORMAT = "dwarf-with-dsym";
				ENABLE_NS_ASSERTIONS = NO;
				ENABLE_STRICT_OBJC_MSGSEND = YES;
				GCC_C_LANGUAGE_STANDARD = gnu11;
				GCC_NO_COMMON_BLOCKS = YES;
				GCC_WARN_64_TO_32_BIT_CONVERSION = YES;
				GCC_WARN_ABOUT_RETURN_TYPE = YES_ERROR;
				GCC_WARN_UNDECLARED_SELECTOR = YES;
				GCC_WARN_UNINITIALIZED_AUTOS = YES_AGGRESSIVE;
				GCC_WARN_UNUSED_FUNCTION = YES;
				GCC_WARN_UNUSED_VARIABLE = YES;
				MTL_ENABLE_DEBUG_INFO = NO;
				MTL_FAST_MATH = YES;
				SWIFT_COMPILATION_MODE = wholemodule;
				SWIFT_OPTIMIZATION_LEVEL = "-O";
			};
			name = Release;
		};
		79ACABD424E9EFB8005754AA /* Debug */ = {
			isa = XCBuildConfiguration;
			buildSettings = {
				ASSETCATALOG_COMPILER_APPICON_NAME = AppIcon;
				ASSETCATALOG_COMPILER_GLOBAL_ACCENT_COLOR_NAME = AccentColor;
				CODE_SIGN_STYLE = Automatic;
				ENABLE_PREVIEWS = YES;
				INFOPLIST_FILE = iOS/Info.plist;
				IPHONEOS_DEPLOYMENT_TARGET = 14.0;
				LD_RUNPATH_SEARCH_PATHS = (
					"$(inherited)",
					"@executable_path/Frameworks",
				);
				PRODUCT_BUNDLE_IDENTIFIER = com.SN.SwiftLayouts;
				PRODUCT_NAME = SwiftLayouts;
				SDKROOT = iphoneos;
				SWIFT_VERSION = 5.0;
				TARGETED_DEVICE_FAMILY = "1,2";
			};
			name = Debug;
		};
		79ACABD524E9EFB8005754AA /* Release */ = {
			isa = XCBuildConfiguration;
			buildSettings = {
				ASSETCATALOG_COMPILER_APPICON_NAME = AppIcon;
				ASSETCATALOG_COMPILER_GLOBAL_ACCENT_COLOR_NAME = AccentColor;
				CODE_SIGN_STYLE = Automatic;
				ENABLE_PREVIEWS = YES;
				INFOPLIST_FILE = iOS/Info.plist;
				IPHONEOS_DEPLOYMENT_TARGET = 14.0;
				LD_RUNPATH_SEARCH_PATHS = (
					"$(inherited)",
					"@executable_path/Frameworks",
				);
				PRODUCT_BUNDLE_IDENTIFIER = com.SN.SwiftLayouts;
				PRODUCT_NAME = SwiftLayouts;
				SDKROOT = iphoneos;
				SWIFT_VERSION = 5.0;
				TARGETED_DEVICE_FAMILY = "1,2";
				VALIDATE_PRODUCT = YES;
			};
			name = Release;
		};
		79ACABD724E9EFB8005754AA /* Debug */ = {
			isa = XCBuildConfiguration;
			buildSettings = {
				ASSETCATALOG_COMPILER_APPICON_NAME = AppIcon;
				ASSETCATALOG_COMPILER_GLOBAL_ACCENT_COLOR_NAME = AccentColor;
				CODE_SIGN_ENTITLEMENTS = macOS/macOS.entitlements;
				CODE_SIGN_STYLE = Automatic;
				COMBINE_HIDPI_IMAGES = YES;
				ENABLE_PREVIEWS = YES;
				INFOPLIST_FILE = macOS/Info.plist;
				LD_RUNPATH_SEARCH_PATHS = (
					"$(inherited)",
					"@executable_path/../Frameworks",
				);
				MACOSX_DEPLOYMENT_TARGET = 11.0;
				PRODUCT_BUNDLE_IDENTIFIER = com.SN.SwiftLayouts;
				PRODUCT_NAME = SwiftLayouts;
				SDKROOT = macosx;
				SWIFT_VERSION = 5.0;
			};
			name = Debug;
		};
		79ACABD824E9EFB8005754AA /* Release */ = {
			isa = XCBuildConfiguration;
			buildSettings = {
				ASSETCATALOG_COMPILER_APPICON_NAME = AppIcon;
				ASSETCATALOG_COMPILER_GLOBAL_ACCENT_COLOR_NAME = AccentColor;
				CODE_SIGN_ENTITLEMENTS = macOS/macOS.entitlements;
				CODE_SIGN_STYLE = Automatic;
				COMBINE_HIDPI_IMAGES = YES;
				ENABLE_PREVIEWS = YES;
				INFOPLIST_FILE = macOS/Info.plist;
				LD_RUNPATH_SEARCH_PATHS = (
					"$(inherited)",
					"@executable_path/../Frameworks",
				);
				MACOSX_DEPLOYMENT_TARGET = 11.0;
				PRODUCT_BUNDLE_IDENTIFIER = com.SN.SwiftLayouts;
				PRODUCT_NAME = SwiftLayouts;
				SDKROOT = macosx;
				SWIFT_VERSION = 5.0;
			};
			name = Release;
		};
/* End XCBuildConfiguration section */

/* Begin XCConfigurationList section */
		79ACABB624E9EFB6005754AA /* Build configuration list for PBXProject "SwiftLayouts" */ = {
			isa = XCConfigurationList;
			buildConfigurations = (
				79ACABD124E9EFB8005754AA /* Debug */,
				79ACABD224E9EFB8005754AA /* Release */,
			);
			defaultConfigurationIsVisible = 0;
			defaultConfigurationName = Release;
		};
		79ACABD324E9EFB8005754AA /* Build configuration list for PBXNativeTarget "SwiftLayouts (iOS)" */ = {
			isa = XCConfigurationList;
			buildConfigurations = (
				79ACABD424E9EFB8005754AA /* Debug */,
				79ACABD524E9EFB8005754AA /* Release */,
			);
			defaultConfigurationIsVisible = 0;
			defaultConfigurationName = Release;
		};
		79ACABD624E9EFB8005754AA /* Build configuration list for PBXNativeTarget "SwiftLayouts (macOS)" */ = {
			isa = XCConfigurationList;
			buildConfigurations = (
				79ACABD724E9EFB8005754AA /* Debug */,
				79ACABD824E9EFB8005754AA /* Release */,
			);
			defaultConfigurationIsVisible = 0;
			defaultConfigurationName = Release;
		};
/* End XCConfigurationList section */
	};
	rootObject = 79ACABB324E9EFB6005754AA /* Project object */;
}
